
Microsoft Visual Studio Solution File, Format Version 12.00
# Visual Studio Version 17
VisualStudioVersion = 17.4.33213.308
MinimumVisualStudioVersion = 10.0.40219.1
Project("{FAE04EC0-301F-11D3-BF4B-00C04F79EFBC}") = "AutoQuctionAndCheck", "AutoQuctionAndCheck\AutoQuctionAndCheck.csproj", "{E68A61EF-D956-41E2-8882-28C5658D700A}"
EndProject
Global
	GlobalSection(SolutionConfigurationPlatforms) = preSolution
		Debug|Any CPU = Debug|Any CPU
		Release|Any CPU = Release|Any CPU
	EndGlobalSection
	GlobalSection(ProjectConfigurationPlatforms) = postSolution
		{E68A61EF-D956-41E2-8882-28C5658D700A}.Debug|Any CPU.ActiveCfg = Debug|Any CPU
		{E68A61EF-D956-41E2-8882-28C5658D700A}.Debug|Any CPU.Build.0 = Debug|Any CPU
		{E68A61EF-D956-41E2-8882-28C5658D700A}.Release|Any CPU.ActiveCfg = Release|Any CPU
		{E68A61EF-D956-41E2-8882-28C5658D700A}.Release|Any CPU.Build.0 = Release|Any CPU
	EndGlobalSection
	GlobalSection(SolutionProperties) = preSolution
		HideSolutionNode = FALSE
	EndGlobalSection
	GlobalSection(ExtensibilityGlobals) = postSolution
		SolutionGuid = {57374D75-8142-4148-B9D3-59A698713D11}
	EndGlobalSection
EndGlobal
